// !$*UTF8*$!
{
	archiveVersion = 1;
	classes = {
	};
	objectVersion = 55;
	objects = {

/* Begin PBXBuildFile section */
		2F02FE95568365E5AD78FDBC /* Pods_NetworkSQL.framework in Frameworks */ = {isa = PBXBuildFile; fileRef = E3D3C208009426E8EFFD08C1 /* Pods_NetworkSQL.framework */; };
		39B275698518F775F6EA5F3A /* Pods_NetworkSQL_NetworkSQLUITests.framework in Frameworks */ = {isa = PBXBuildFile; fileRef = 3D6848B644C8D33A1574508D /* Pods_NetworkSQL_NetworkSQLUITests.framework */; };
		47130B1CB1553FD9FFD75DE1 /* Pods_NetworkSQLTests.framework in Frameworks */ = {isa = PBXBuildFile; fileRef = D86DB457555D41AA29C0C036 /* Pods_NetworkSQLTests.framework */; };
		BC31215D2815E7AB00FAA03B /* MovieResponse+CoreDataClass.swift in Sources */ = {isa = PBXBuildFile; fileRef = BC31215B2815E7AB00FAA03B /* MovieResponse+CoreDataClass.swift */; };
		BC3121602815E9BD00FAA03B /* Movie.swift in Sources */ = {isa = PBXBuildFile; fileRef = BC31215F2815E9BD00FAA03B /* Movie.swift */; };
		BCC4336A28117D1D006447E1 /* AppDelegate.swift in Sources */ = {isa = PBXBuildFile; fileRef = BCC4336928117D1D006447E1 /* AppDelegate.swift */; };
		BCC4336C28117D1D006447E1 /* SceneDelegate.swift in Sources */ = {isa = PBXBuildFile; fileRef = BCC4336B28117D1D006447E1 /* SceneDelegate.swift */; };
		BCC4336E28117D1D006447E1 /* DetailsViewController.swift in Sources */ = {isa = PBXBuildFile; fileRef = BCC4336D28117D1D006447E1 /* DetailsViewController.swift */; };
		BCC4337128117D1D006447E1 /* Main.storyboard in Resources */ = {isa = PBXBuildFile; fileRef = BCC4336F28117D1D006447E1 /* Main.storyboard */; };
		BCC4337328117D1F006447E1 /* Assets.xcassets in Resources */ = {isa = PBXBuildFile; fileRef = BCC4337228117D1F006447E1 /* Assets.xcassets */; };
		BCC4337628117D1F006447E1 /* LaunchScreen.storyboard in Resources */ = {isa = PBXBuildFile; fileRef = BCC4337428117D1F006447E1 /* LaunchScreen.storyboard */; };
		BCC4338128117D1F006447E1 /* NetworkSQLTests.swift in Sources */ = {isa = PBXBuildFile; fileRef = BCC4338028117D1F006447E1 /* NetworkSQLTests.swift */; };
		BCC4338B28117D1F006447E1 /* NetworkSQLUITests.swift in Sources */ = {isa = PBXBuildFile; fileRef = BCC4338A28117D1F006447E1 /* NetworkSQLUITests.swift */; };
		BCC4338D28117D1F006447E1 /* NetworkSQLUITestsLaunchTests.swift in Sources */ = {isa = PBXBuildFile; fileRef = BCC4338C28117D1F006447E1 /* NetworkSQLUITestsLaunchTests.swift */; };
		BCC4339A28117D3F006447E1 /* TableViewController.swift in Sources */ = {isa = PBXBuildFile; fileRef = BCC4339928117D3F006447E1 /* TableViewController.swift */; };
		BCC4339C28117D6E006447E1 /* Response.swift in Sources */ = {isa = PBXBuildFile; fileRef = BCC4339B28117D6E006447E1 /* Response.swift */; };
		BCC433A028117DA4006447E1 /* NetworkManager.swift in Sources */ = {isa = PBXBuildFile; fileRef = BCC4339F28117DA4006447E1 /* NetworkManager.swift */; };
		BCC6CF3D2815E0B2001257E1 /* NetworkSQL.xcdatamodeld in Sources */ = {isa = PBXBuildFile; fileRef = BCC6CF3B2815E0B2001257E1 /* NetworkSQL.xcdatamodeld */; };
/* End PBXBuildFile section */

/* Begin PBXContainerItemProxy section */
		BCC4337D28117D1F006447E1 /* PBXContainerItemProxy */ = {
			isa = PBXContainerItemProxy;
			containerPortal = BCC4335E28117D1D006447E1 /* Project object */;
			proxyType = 1;
			remoteGlobalIDString = BCC4336528117D1D006447E1;
			remoteInfo = NetworkSQL;
		};
		BCC4338728117D1F006447E1 /* PBXContainerItemProxy */ = {
			isa = PBXContainerItemProxy;
			containerPortal = BCC4335E28117D1D006447E1 /* Project object */;
			proxyType = 1;
			remoteGlobalIDString = BCC4336528117D1D006447E1;
			remoteInfo = NetworkSQL;
		};
/* End PBXContainerItemProxy section */

/* Begin PBXFileReference section */
		022C192129883DE270874B23 /* Pods-NetworkSQLTests.debug.xcconfig */ = {isa = PBXFileReference; includeInIndex = 1; lastKnownFileType = text.xcconfig; name = "Pods-NetworkSQLTests.debug.xcconfig"; path = "Target Support Files/Pods-NetworkSQLTests/Pods-NetworkSQLTests.debug.xcconfig"; sourceTree = "<group>"; };
		08B9FBBF5CE841FB2BA53385 /* Pods-NetworkSQL.debug.xcconfig */ = {isa = PBXFileReference; includeInIndex = 1; lastKnownFileType = text.xcconfig; name = "Pods-NetworkSQL.debug.xcconfig"; path = "Target Support Files/Pods-NetworkSQL/Pods-NetworkSQL.debug.xcconfig"; sourceTree = "<group>"; };
		3D6848B644C8D33A1574508D /* Pods_NetworkSQL_NetworkSQLUITests.framework */ = {isa = PBXFileReference; explicitFileType = wrapper.framework; includeInIndex = 0; path = Pods_NetworkSQL_NetworkSQLUITests.framework; sourceTree = BUILT_PRODUCTS_DIR; };
		4964032E0FAFDE28399B7512 /* Pods-NetworkSQLTests.release.xcconfig */ = {isa = PBXFileReference; includeInIndex = 1; lastKnownFileType = text.xcconfig; name = "Pods-NetworkSQLTests.release.xcconfig"; path = "Target Support Files/Pods-NetworkSQLTests/Pods-NetworkSQLTests.release.xcconfig"; sourceTree = "<group>"; };
		7C3024DA133D94F8E82D175A /* Pods-NetworkSQL.release.xcconfig */ = {isa = PBXFileReference; includeInIndex = 1; lastKnownFileType = text.xcconfig; name = "Pods-NetworkSQL.release.xcconfig"; path = "Target Support Files/Pods-NetworkSQL/Pods-NetworkSQL.release.xcconfig"; sourceTree = "<group>"; };
		BC31215B2815E7AB00FAA03B /* MovieResponse+CoreDataClass.swift */ = {isa = PBXFileReference; lastKnownFileType = sourcecode.swift; path = "MovieResponse+CoreDataClass.swift"; sourceTree = "<group>"; };
		BC31215F2815E9BD00FAA03B /* Movie.swift */ = {isa = PBXFileReference; lastKnownFileType = sourcecode.swift; path = Movie.swift; sourceTree = "<group>"; };
		BCC4336628117D1D006447E1 /* NetworkSQL.app */ = {isa = PBXFileReference; explicitFileType = wrapper.application; includeInIndex = 0; path = NetworkSQL.app; sourceTree = BUILT_PRODUCTS_DIR; };
		BCC4336928117D1D006447E1 /* AppDelegate.swift */ = {isa = PBXFileReference; lastKnownFileType = sourcecode.swift; path = AppDelegate.swift; sourceTree = "<group>"; };
		BCC4336B28117D1D006447E1 /* SceneDelegate.swift */ = {isa = PBXFileReference; lastKnownFileType = sourcecode.swift; path = SceneDelegate.swift; sourceTree = "<group>"; };
		BCC4336D28117D1D006447E1 /* DetailsViewController.swift */ = {isa = PBXFileReference; lastKnownFileType = sourcecode.swift; path = DetailsViewController.swift; sourceTree = "<group>"; };
		BCC4337028117D1D006447E1 /* Base */ = {isa = PBXFileReference; lastKnownFileType = file.storyboard; name = Base; path = Base.lproj/Main.storyboard; sourceTree = "<group>"; };
		BCC4337228117D1F006447E1 /* Assets.xcassets */ = {isa = PBXFileReference; lastKnownFileType = folder.assetcatalog; path = Assets.xcassets; sourceTree = "<group>"; };
		BCC4337528117D1F006447E1 /* Base */ = {isa = PBXFileReference; lastKnownFileType = file.storyboard; name = Base; path = Base.lproj/LaunchScreen.storyboard; sourceTree = "<group>"; };
		BCC4337728117D1F006447E1 /* Info.plist */ = {isa = PBXFileReference; lastKnownFileType = text.plist.xml; path = Info.plist; sourceTree = "<group>"; };
		BCC4337C28117D1F006447E1 /* NetworkSQLTests.xctest */ = {isa = PBXFileReference; explicitFileType = wrapper.cfbundle; includeInIndex = 0; path = NetworkSQLTests.xctest; sourceTree = BUILT_PRODUCTS_DIR; };
		BCC4338028117D1F006447E1 /* NetworkSQLTests.swift */ = {isa = PBXFileReference; lastKnownFileType = sourcecode.swift; path = NetworkSQLTests.swift; sourceTree = "<group>"; };
		BCC4338628117D1F006447E1 /* NetworkSQLUITests.xctest */ = {isa = PBXFileReference; explicitFileType = wrapper.cfbundle; includeInIndex = 0; path = NetworkSQLUITests.xctest; sourceTree = BUILT_PRODUCTS_DIR; };
		BCC4338A28117D1F006447E1 /* NetworkSQLUITests.swift */ = {isa = PBXFileReference; lastKnownFileType = sourcecode.swift; path = NetworkSQLUITests.swift; sourceTree = "<group>"; };
		BCC4338C28117D1F006447E1 /* NetworkSQLUITestsLaunchTests.swift */ = {isa = PBXFileReference; lastKnownFileType = sourcecode.swift; path = NetworkSQLUITestsLaunchTests.swift; sourceTree = "<group>"; };
		BCC4339928117D3F006447E1 /* TableViewController.swift */ = {isa = PBXFileReference; lastKnownFileType = sourcecode.swift; path = TableViewController.swift; sourceTree = "<group>"; };
		BCC4339B28117D6E006447E1 /* Response.swift */ = {isa = PBXFileReference; lastKnownFileType = sourcecode.swift; path = Response.swift; sourceTree = "<group>"; };
		BCC4339F28117DA4006447E1 /* NetworkManager.swift */ = {isa = PBXFileReference; lastKnownFileType = sourcecode.swift; path = NetworkManager.swift; sourceTree = "<group>"; };
		BCC6CF3C2815E0B2001257E1 /* NetworkSQL.xcdatamodel */ = {isa = PBXFileReference; lastKnownFileType = wrapper.xcdatamodel; path = NetworkSQL.xcdatamodel; sourceTree = "<group>"; };
		D86DB457555D41AA29C0C036 /* Pods_NetworkSQLTests.framework */ = {isa = PBXFileReference; explicitFileType = wrapper.framework; includeInIndex = 0; path = Pods_NetworkSQLTests.framework; sourceTree = BUILT_PRODUCTS_DIR; };
		E3CE860F262D11317A96871A /* Pods-NetworkSQL-NetworkSQLUITests.debug.xcconfig */ = {isa = PBXFileReference; includeInIndex = 1; lastKnownFileType = text.xcconfig; name = "Pods-NetworkSQL-NetworkSQLUITests.debug.xcconfig"; path = "Target Support Files/Pods-NetworkSQL-NetworkSQLUITests/Pods-NetworkSQL-NetworkSQLUITests.debug.xcconfig"; sourceTree = "<group>"; };
		E3D3C208009426E8EFFD08C1 /* Pods_NetworkSQL.framework */ = {isa = PBXFileReference; explicitFileType = wrapper.framework; includeInIndex = 0; path = Pods_NetworkSQL.framework; sourceTree = BUILT_PRODUCTS_DIR; };
		FB95563165F3E0CE36C31482 /* Pods-NetworkSQL-NetworkSQLUITests.release.xcconfig */ = {isa = PBXFileReference; includeInIndex = 1; lastKnownFileType = text.xcconfig; name = "Pods-NetworkSQL-NetworkSQLUITests.release.xcconfig"; path = "Target Support Files/Pods-NetworkSQL-NetworkSQLUITests/Pods-NetworkSQL-NetworkSQLUITests.release.xcconfig"; sourceTree = "<group>"; };
/* End PBXFileReference section */

/* Begin PBXFrameworksBuildPhase section */
		BCC4336328117D1D006447E1 /* Frameworks */ = {
			isa = PBXFrameworksBuildPhase;
			buildActionMask = 2147483647;
			files = (
				2F02FE95568365E5AD78FDBC /* Pods_NetworkSQL.framework in Frameworks */,
			);
			runOnlyForDeploymentPostprocessing = 0;
		};
		BCC4337928117D1F006447E1 /* Frameworks */ = {
			isa = PBXFrameworksBuildPhase;
			buildActionMask = 2147483647;
			files = (
				47130B1CB1553FD9FFD75DE1 /* Pods_NetworkSQLTests.framework in Frameworks */,
			);
			runOnlyForDeploymentPostprocessing = 0;
		};
		BCC4338328117D1F006447E1 /* Frameworks */ = {
			isa = PBXFrameworksBuildPhase;
			buildActionMask = 2147483647;
			files = (
				39B275698518F775F6EA5F3A /* Pods_NetworkSQL_NetworkSQLUITests.framework in Frameworks */,
			);
			runOnlyForDeploymentPostprocessing = 0;
		};
/* End PBXFrameworksBuildPhase section */

/* Begin PBXGroup section */
		0CA3C496E4891F718C1A6F1F /* Pods */ = {
			isa = PBXGroup;
			children = (
				08B9FBBF5CE841FB2BA53385 /* Pods-NetworkSQL.debug.xcconfig */,
				7C3024DA133D94F8E82D175A /* Pods-NetworkSQL.release.xcconfig */,
				E3CE860F262D11317A96871A /* Pods-NetworkSQL-NetworkSQLUITests.debug.xcconfig */,
				FB95563165F3E0CE36C31482 /* Pods-NetworkSQL-NetworkSQLUITests.release.xcconfig */,
				022C192129883DE270874B23 /* Pods-NetworkSQLTests.debug.xcconfig */,
				4964032E0FAFDE28399B7512 /* Pods-NetworkSQLTests.release.xcconfig */,
			);
			path = Pods;
			sourceTree = "<group>";
		};
		B82211F6CD9C86B53D187473 /* Frameworks */ = {
			isa = PBXGroup;
			children = (
				E3D3C208009426E8EFFD08C1 /* Pods_NetworkSQL.framework */,
				3D6848B644C8D33A1574508D /* Pods_NetworkSQL_NetworkSQLUITests.framework */,
				D86DB457555D41AA29C0C036 /* Pods_NetworkSQLTests.framework */,
			);
			name = Frameworks;
			sourceTree = "<group>";
		};
		BCC4335D28117D1D006447E1 = {
			isa = PBXGroup;
			children = (
				BCC4336828117D1D006447E1 /* NetworkSQL */,
				BCC4337F28117D1F006447E1 /* NetworkSQLTests */,
				BCC4338928117D1F006447E1 /* NetworkSQLUITests */,
				BCC4336728117D1D006447E1 /* Products */,
				0CA3C496E4891F718C1A6F1F /* Pods */,
				B82211F6CD9C86B53D187473 /* Frameworks */,
			);
			sourceTree = "<group>";
		};
		BCC4336728117D1D006447E1 /* Products */ = {
			isa = PBXGroup;
			children = (
				BCC4336628117D1D006447E1 /* NetworkSQL.app */,
				BCC4337C28117D1F006447E1 /* NetworkSQLTests.xctest */,
				BCC4338628117D1F006447E1 /* NetworkSQLUITests.xctest */,
			);
			name = Products;
			sourceTree = "<group>";
		};
		BCC4336828117D1D006447E1 /* NetworkSQL */ = {
			isa = PBXGroup;
			children = (
				BCC433A428117DF9006447E1 /* Network */,
				BCC433A228117DD2006447E1 /* Model */,
				BCC433A128117DC1006447E1 /* Views */,
				BCC4336928117D1D006447E1 /* AppDelegate.swift */,
				BCC6CF3B2815E0B2001257E1 /* NetworkSQL.xcdatamodeld */,
				BCC4336B28117D1D006447E1 /* SceneDelegate.swift */,
				BCC4336F28117D1D006447E1 /* Main.storyboard */,
				BCC4337228117D1F006447E1 /* Assets.xcassets */,
				BCC4337428117D1F006447E1 /* LaunchScreen.storyboard */,
				BCC4337728117D1F006447E1 /* Info.plist */,
			);
			path = NetworkSQL;
			sourceTree = "<group>";
		};
		BCC4337F28117D1F006447E1 /* NetworkSQLTests */ = {
			isa = PBXGroup;
			children = (
				BCC4338028117D1F006447E1 /* NetworkSQLTests.swift */,
			);
			path = NetworkSQLTests;
			sourceTree = "<group>";
		};
		BCC4338928117D1F006447E1 /* NetworkSQLUITests */ = {
			isa = PBXGroup;
			children = (
				BCC4338A28117D1F006447E1 /* NetworkSQLUITests.swift */,
				BCC4338C28117D1F006447E1 /* NetworkSQLUITestsLaunchTests.swift */,
			);
			path = NetworkSQLUITests;
			sourceTree = "<group>";
		};
		BCC433A128117DC1006447E1 /* Views */ = {
			isa = PBXGroup;
			children = (
				BCC433AA28118CBE006447E1 /* Details */,
				BCC433A928118CB1006447E1 /* Home */,
			);
			path = Views;
			sourceTree = "<group>";
		};
		BCC433A228117DD2006447E1 /* Model */ = {
			isa = PBXGroup;
			children = (
				BC31215B2815E7AB00FAA03B /* MovieResponse+CoreDataClass.swift */,
				BCC4339B28117D6E006447E1 /* Response.swift */,
				BC31215F2815E9BD00FAA03B /* Movie.swift */,
			);
			path = Model;
			sourceTree = "<group>";
		};
		BCC433A428117DF9006447E1 /* Network */ = {
			isa = PBXGroup;
			children = (
				BCC4339F28117DA4006447E1 /* NetworkManager.swift */,
			);
			path = Network;
			sourceTree = "<group>";
		};
		BCC433A928118CB1006447E1 /* Home */ = {
			isa = PBXGroup;
			children = (
				BCC4339928117D3F006447E1 /* TableViewController.swift */,
			);
			path = Home;
			sourceTree = "<group>";
		};
		BCC433AA28118CBE006447E1 /* Details */ = {
			isa = PBXGroup;
			children = (
				BCC4336D28117D1D006447E1 /* DetailsViewController.swift */,
			);
			path = Details;
			sourceTree = "<group>";
		};
/* End PBXGroup section */

/* Begin PBXNativeTarget section */
		BCC4336528117D1D006447E1 /* NetworkSQL */ = {
			isa = PBXNativeTarget;
			buildConfigurationList = BCC4339028117D1F006447E1 /* Build configuration list for PBXNativeTarget "NetworkSQL" */;
			buildPhases = (
				C5F96F0E49BBB5CAD15E4BE1 /* [CP] Check Pods Manifest.lock */,
				BCC4336228117D1D006447E1 /* Sources */,
				BCC4336328117D1D006447E1 /* Frameworks */,
				BCC4336428117D1D006447E1 /* Resources */,
				4DA0E83DB867AF8BBA906AA2 /* [CP] Embed Pods Frameworks */,
			);
			buildRules = (
			);
			dependencies = (
			);
			name = NetworkSQL;
			productName = NetworkSQL;
			productReference = BCC4336628117D1D006447E1 /* NetworkSQL.app */;
			productType = "com.apple.product-type.application";
		};
		BCC4337B28117D1F006447E1 /* NetworkSQLTests */ = {
			isa = PBXNativeTarget;
			buildConfigurationList = BCC4339328117D1F006447E1 /* Build configuration list for PBXNativeTarget "NetworkSQLTests" */;
			buildPhases = (
				971755384BA95FA47717BCE9 /* [CP] Check Pods Manifest.lock */,
				BCC4337828117D1F006447E1 /* Sources */,
				BCC4337928117D1F006447E1 /* Frameworks */,
				BCC4337A28117D1F006447E1 /* Resources */,
			);
			buildRules = (
			);
			dependencies = (
				BCC4337E28117D1F006447E1 /* PBXTargetDependency */,
			);
			name = NetworkSQLTests;
			productName = NetworkSQLTests;
			productReference = BCC4337C28117D1F006447E1 /* NetworkSQLTests.xctest */;
			productType = "com.apple.product-type.bundle.unit-test";
		};
		BCC4338528117D1F006447E1 /* NetworkSQLUITests */ = {
			isa = PBXNativeTarget;
			buildConfigurationList = BCC4339628117D1F006447E1 /* Build configuration list for PBXNativeTarget "NetworkSQLUITests" */;
			buildPhases = (
				217E1E8AFABCB65915D48E52 /* [CP] Check Pods Manifest.lock */,
				BCC4338228117D1F006447E1 /* Sources */,
				BCC4338328117D1F006447E1 /* Frameworks */,
				BCC4338428117D1F006447E1 /* Resources */,
				34934E4133DB06313ABE0D0E /* [CP] Embed Pods Frameworks */,
			);
			buildRules = (
			);
			dependencies = (
				BCC4338828117D1F006447E1 /* PBXTargetDependency */,
			);
			name = NetworkSQLUITests;
			productName = NetworkSQLUITests;
			productReference = BCC4338628117D1F006447E1 /* NetworkSQLUITests.xctest */;
			productType = "com.apple.product-type.bundle.ui-testing";
		};
/* End PBXNativeTarget section */

/* Begin PBXProject section */
		BCC4335E28117D1D006447E1 /* Project object */ = {
			isa = PBXProject;
			attributes = {
				BuildIndependentTargetsInParallel = 1;
				LastSwiftUpdateCheck = 1330;
				LastUpgradeCheck = 1330;
				TargetAttributes = {
					BCC4336528117D1D006447E1 = {
						CreatedOnToolsVersion = 13.3.1;
					};
					BCC4337B28117D1F006447E1 = {
						CreatedOnToolsVersion = 13.3.1;
						TestTargetID = BCC4336528117D1D006447E1;
					};
					BCC4338528117D1F006447E1 = {
						CreatedOnToolsVersion = 13.3.1;
						TestTargetID = BCC4336528117D1D006447E1;
					};
				};
			};
			buildConfigurationList = BCC4336128117D1D006447E1 /* Build configuration list for PBXProject "NetworkSQL" */;
			compatibilityVersion = "Xcode 13.0";
			developmentRegion = en;
			hasScannedForEncodings = 0;
			knownRegions = (
				en,
				Base,
			);
			mainGroup = BCC4335D28117D1D006447E1;
			productRefGroup = BCC4336728117D1D006447E1 /* Products */;
			projectDirPath = "";
			projectRoot = "";
			targets = (
				BCC4336528117D1D006447E1 /* NetworkSQL */,
				BCC4337B28117D1F006447E1 /* NetworkSQLTests */,
				BCC4338528117D1F006447E1 /* NetworkSQLUITests */,
			);
		};
/* End PBXProject section */

/* Begin PBXResourcesBuildPhase section */
		BCC4336428117D1D006447E1 /* Resources */ = {
			isa = PBXResourcesBuildPhase;
			buildActionMask = 2147483647;
			files = (
				BCC4337628117D1F006447E1 /* LaunchScreen.storyboard in Resources */,
				BCC4337328117D1F006447E1 /* Assets.xcassets in Resources */,
				BCC4337128117D1D006447E1 /* Main.storyboard in Resources */,
			);
			runOnlyForDeploymentPostprocessing = 0;
		};
		BCC4337A28117D1F006447E1 /* Resources */ = {
			isa = PBXResourcesBuildPhase;
			buildActionMask = 2147483647;
			files = (
			);
			runOnlyForDeploymentPostprocessing = 0;
		};
		BCC4338428117D1F006447E1 /* Resources */ = {
			isa = PBXResourcesBuildPhase;
			buildActionMask = 2147483647;
			files = (
			);
			runOnlyForDeploymentPostprocessing = 0;
		};
/* End PBXResourcesBuildPhase section */

/* Begin PBXShellScriptBuildPhase section */
		217E1E8AFABCB65915D48E52 /* [CP] Check Pods Manifest.lock */ = {
			isa = PBXShellScriptBuildPhase;
			buildActionMask = 2147483647;
			files = (
			);
			inputFileListPaths = (
			);
			inputPaths = (
				"${PODS_PODFILE_DIR_PATH}/Podfile.lock",
				"${PODS_ROOT}/Manifest.lock",
			);
			name = "[CP] Check Pods Manifest.lock";
			outputFileListPaths = (
			);
			outputPaths = (
				"$(DERIVED_FILE_DIR)/Pods-NetworkSQL-NetworkSQLUITests-checkManifestLockResult.txt",
			);
			runOnlyForDeploymentPostprocessing = 0;
			shellPath = /bin/sh;
			shellScript = "diff \"${PODS_PODFILE_DIR_PATH}/Podfile.lock\" \"${PODS_ROOT}/Manifest.lock\" > /dev/null\nif [ $? != 0 ] ; then\n    # print error to STDERR\n    echo \"error: The sandbox is not in sync with the Podfile.lock. Run 'pod install' or update your CocoaPods installation.\" >&2\n    exit 1\nfi\n# This output is used by Xcode 'outputs' to avoid re-running this script phase.\necho \"SUCCESS\" > \"${SCRIPT_OUTPUT_FILE_0}\"\n";
			showEnvVarsInLog = 0;
		};
		34934E4133DB06313ABE0D0E /* [CP] Embed Pods Frameworks */ = {
			isa = PBXShellScriptBuildPhase;
			buildActionMask = 2147483647;
			files = (
			);
			inputFileListPaths = (
				"${PODS_ROOT}/Target Support Files/Pods-NetworkSQL-NetworkSQLUITests/Pods-NetworkSQL-NetworkSQLUITests-frameworks-${CONFIGURATION}-input-files.xcfilelist",
			);
			name = "[CP] Embed Pods Frameworks";
			outputFileListPaths = (
				"${PODS_ROOT}/Target Support Files/Pods-NetworkSQL-NetworkSQLUITests/Pods-NetworkSQL-NetworkSQLUITests-frameworks-${CONFIGURATION}-output-files.xcfilelist",
			);
			runOnlyForDeploymentPostprocessing = 0;
			shellPath = /bin/sh;
			shellScript = "\"${PODS_ROOT}/Target Support Files/Pods-NetworkSQL-NetworkSQLUITests/Pods-NetworkSQL-NetworkSQLUITests-frameworks.sh\"\n";
			showEnvVarsInLog = 0;
		};
		4DA0E83DB867AF8BBA906AA2 /* [CP] Embed Pods Frameworks */ = {
			isa = PBXShellScriptBuildPhase;
			buildActionMask = 2147483647;
			files = (
			);
			inputFileListPaths = (
				"${PODS_ROOT}/Target Support Files/Pods-NetworkSQL/Pods-NetworkSQL-frameworks-${CONFIGURATION}-input-files.xcfilelist",
			);
			name = "[CP] Embed Pods Frameworks";
			outputFileListPaths = (
				"${PODS_ROOT}/Target Support Files/Pods-NetworkSQL/Pods-NetworkSQL-frameworks-${CONFIGURATION}-output-files.xcfilelist",
			);
			runOnlyForDeploymentPostprocessing = 0;
			shellPath = /bin/sh;
			shellScript = "\"${PODS_ROOT}/Target Support Files/Pods-NetworkSQL/Pods-NetworkSQL-frameworks.sh\"\n";
			showEnvVarsInLog = 0;
		};
		971755384BA95FA47717BCE9 /* [CP] Check Pods Manifest.lock */ = {
			isa = PBXShellScriptBuildPhase;
			buildActionMask = 2147483647;
			files = (
			);
			inputFileListPaths = (
			);
			inputPaths = (
				"${PODS_PODFILE_DIR_PATH}/Podfile.lock",
				"${PODS_ROOT}/Manifest.lock",
			);
			name = "[CP] Check Pods Manifest.lock";
			outputFileListPaths = (
			);
			outputPaths = (
				"$(DERIVED_FILE_DIR)/Pods-NetworkSQLTests-checkManifestLockResult.txt",
			);
			runOnlyForDeploymentPostprocessing = 0;
			shellPath = /bin/sh;
			shellScript = "diff \"${PODS_PODFILE_DIR_PATH}/Podfile.lock\" \"${PODS_ROOT}/Manifest.lock\" > /dev/null\nif [ $? != 0 ] ; then\n    # print error to STDERR\n    echo \"error: The sandbox is not in sync with the Podfile.lock. Run 'pod install' or update your CocoaPods installation.\" >&2\n    exit 1\nfi\n# This output is used by Xcode 'outputs' to avoid re-running this script phase.\necho \"SUCCESS\" > \"${SCRIPT_OUTPUT_FILE_0}\"\n";
			showEnvVarsInLog = 0;
		};
		C5F96F0E49BBB5CAD15E4BE1 /* [CP] Check Pods Manifest.lock */ = {
			isa = PBXShellScriptBuildPhase;
			buildActionMask = 2147483647;
			files = (
			);
			inputFileListPaths = (
			);
			inputPaths = (
				"${PODS_PODFILE_DIR_PATH}/Podfile.lock",
				"${PODS_ROOT}/Manifest.lock",
			);
			name = "[CP] Check Pods Manifest.lock";
			outputFileListPaths = (
			);
			outputPaths = (
				"$(DERIVED_FILE_DIR)/Pods-NetworkSQL-checkManifestLockResult.txt",
			);
			runOnlyForDeploymentPostprocessing = 0;
			shellPath = /bin/sh;
			shellScript = "diff \"${PODS_PODFILE_DIR_PATH}/Podfile.lock\" \"${PODS_ROOT}/Manifest.lock\" > /dev/null\nif [ $? != 0 ] ; then\n    # print error to STDERR\n    echo \"error: The sandbox is not in sync with the Podfile.lock. Run 'pod install' or update your CocoaPods installation.\" >&2\n    exit 1\nfi\n# This output is used by Xcode 'outputs' to avoid re-running this script phase.\necho \"SUCCESS\" > \"${SCRIPT_OUTPUT_FILE_0}\"\n";
			showEnvVarsInLog = 0;
		};
/* End PBXShellScriptBuildPhase section */

/* Begin PBXSourcesBuildPhase section */
		BCC4336228117D1D006447E1 /* Sources */ = {
			isa = PBXSourcesBuildPhase;
			buildActionMask = 2147483647;
			files = (
				BC3121602815E9BD00FAA03B /* Movie.swift in Sources */,
				BCC4336E28117D1D006447E1 /* DetailsViewController.swift in Sources */,
				BCC4336A28117D1D006447E1 /* AppDelegate.swift in Sources */,
				BCC433A028117DA4006447E1 /* NetworkManager.swift in Sources */,
				BCC4336C28117D1D006447E1 /* SceneDelegate.swift in Sources */,
				BCC4339A28117D3F006447E1 /* TableViewController.swift in Sources */,
				BCC4339C28117D6E006447E1 /* Response.swift in Sources */,
				BC31215D2815E7AB00FAA03B /* MovieResponse+CoreDataClass.swift in Sources */,
				BCC6CF3D2815E0B2001257E1 /* NetworkSQL.xcdatamodeld in Sources */,
			);
			runOnlyForDeploymentPostprocessing = 0;
		};
		BCC4337828117D1F006447E1 /* Sources */ = {
			isa = PBXSourcesBuildPhase;
			buildActionMask = 2147483647;
			files = (
				BCC4338128117D1F006447E1 /* NetworkSQLTests.swift in Sources */,
			);
			runOnlyForDeploymentPostprocessing = 0;
		};
		BCC4338228117D1F006447E1 /* Sources */ = {
			isa = PBXSourcesBuildPhase;
			buildActionMask = 2147483647;
			files = (
				BCC4338D28117D1F006447E1 /* NetworkSQLUITestsLaunchTests.swift in Sources */,
				BCC4338B28117D1F006447E1 /* NetworkSQLUITests.swift in Sources */,
			);
			runOnlyForDeploymentPostprocessing = 0;
		};
/* End PBXSourcesBuildPhase section */

/* Begin PBXTargetDependency section */
		BCC4337E28117D1F006447E1 /* PBXTargetDependency */ = {
			isa = PBXTargetDependency;
			target = BCC4336528117D1D006447E1 /* NetworkSQL */;
			targetProxy = BCC4337D28117D1F006447E1 /* PBXContainerItemProxy */;
		};
		BCC4338828117D1F006447E1 /* PBXTargetDependency */ = {
			isa = PBXTargetDependency;
			target = BCC4336528117D1D006447E1 /* NetworkSQL */;
			targetProxy = BCC4338728117D1F006447E1 /* PBXContainerItemProxy */;
		};
/* End PBXTargetDependency section */

/* Begin PBXVariantGroup section */
		BCC4336F28117D1D006447E1 /* Main.storyboard */ = {
			isa = PBXVariantGroup;
			children = (
				BCC4337028117D1D006447E1 /* Base */,
			);
			name = Main.storyboard;
			sourceTree = "<group>";
		};
		BCC4337428117D1F006447E1 /* LaunchScreen.storyboard */ = {
			isa = PBXVariantGroup;
			children = (
				BCC4337528117D1F006447E1 /* Base */,
			);
			name = LaunchScreen.storyboard;
			sourceTree = "<group>";
		};
/* End PBXVariantGroup section */

/* Begin XCBuildConfiguration section */
		BCC4338E28117D1F006447E1 /* Debug */ = {
			isa = XCBuildConfiguration;
			buildSettings = {
				ALWAYS_SEARCH_USER_PATHS = NO;
				CLANG_ANALYZER_NONNULL = YES;
				CLANG_ANALYZER_NUMBER_OBJECT_CONVERSION = YES_AGGRESSIVE;
				CLANG_CXX_LANGUAGE_STANDARD = "gnu++17";
				CLANG_ENABLE_MODULES = YES;
				CLANG_ENABLE_OBJC_ARC = YES;
				CLANG_ENABLE_OBJC_WEAK = YES;
				CLANG_WARN_BLOCK_CAPTURE_AUTORELEASING = YES;
				CLANG_WARN_BOOL_CONVERSION = YES;
				CLANG_WARN_COMMA = YES;
				CLANG_WARN_CONSTANT_CONVERSION = YES;
				CLANG_WARN_DEPRECATED_OBJC_IMPLEMENTATIONS = YES;
				CLANG_WARN_DIRECT_OBJC_ISA_USAGE = YES_ERROR;
				CLANG_WARN_DOCUMENTATION_COMMENTS = YES;
				CLANG_WARN_EMPTY_BODY = YES;
				CLANG_WARN_ENUM_CONVERSION = YES;
				CLANG_WARN_INFINITE_RECURSION = YES;
				CLANG_WARN_INT_CONVERSION = YES;
				CLANG_WARN_NON_LITERAL_NULL_CONVERSION = YES;
				CLANG_WARN_OBJC_IMPLICIT_RETAIN_SELF = YES;
				CLANG_WARN_OBJC_LITERAL_CONVERSION = YES;
				CLANG_WARN_OBJC_ROOT_CLASS = YES_ERROR;
				CLANG_WARN_QUOTED_INCLUDE_IN_FRAMEWORK_HEADER = YES;
				CLANG_WARN_RANGE_LOOP_ANALYSIS = YES;
				CLANG_WARN_STRICT_PROTOTYPES = YES;
				CLANG_WARN_SUSPICIOUS_MOVE = YES;
				CLANG_WARN_UNGUARDED_AVAILABILITY = YES_AGGRESSIVE;
				CLANG_WARN_UNREACHABLE_CODE = YES;
				CLANG_WARN__DUPLICATE_METHOD_MATCH = YES;
				COPY_PHASE_STRIP = NO;
				DEBUG_INFORMATION_FORMAT = dwarf;
				ENABLE_STRICT_OBJC_MSGSEND = YES;
				ENABLE_TESTABILITY = YES;
				GCC_C_LANGUAGE_STANDARD = gnu11;
				GCC_DYNAMIC_NO_PIC = NO;
				GCC_NO_COMMON_BLOCKS = YES;
				GCC_OPTIMIZATION_LEVEL = 0;
				GCC_PREPROCESSOR_DEFINITIONS = (
					"DEBUG=1",
					"$(inherited)",
				);
				GCC_WARN_64_TO_32_BIT_CONVERSION = YES;
				GCC_WARN_ABOUT_RETURN_TYPE = YES_ERROR;
				GCC_WARN_UNDECLARED_SELECTOR = YES;
				GCC_WARN_UNINITIALIZED_AUTOS = YES_AGGRESSIVE;
				GCC_WARN_UNUSED_FUNCTION = YES;
				GCC_WARN_UNUSED_VARIABLE = YES;
				IPHONEOS_DEPLOYMENT_TARGET = 15.4;
				MTL_ENABLE_DEBUG_INFO = INCLUDE_SOURCE;
				MTL_FAST_MATH = YES;
				ONLY_ACTIVE_ARCH = YES;
				SDKROOT = iphoneos;
				SWIFT_ACTIVE_COMPILATION_CONDITIONS = DEBUG;
				SWIFT_OPTIMIZATION_LEVEL = "-Onone";
			};
			name = Debug;
		};
		BCC4338F28117D1F006447E1 /* Release */ = {
			isa = XCBuildConfiguration;
			buildSettings = {
				ALWAYS_SEARCH_USER_PATHS = NO;
				CLANG_ANALYZER_NONNULL = YES;
				CLANG_ANALYZER_NUMBER_OBJECT_CONVERSION = YES_AGGRESSIVE;
				CLANG_CXX_LANGUAGE_STANDARD = "gnu++17";
				CLANG_ENABLE_MODULES = YES;
				CLANG_ENABLE_OBJC_ARC = YES;
				CLANG_ENABLE_OBJC_WEAK = YES;
				CLANG_WARN_BLOCK_CAPTURE_AUTORELEASING = YES;
				CLANG_WARN_BOOL_CONVERSION = YES;
				CLANG_WARN_COMMA = YES;
				CLANG_WARN_CONSTANT_CONVERSION = YES;
				CLANG_WARN_DEPRECATED_OBJC_IMPLEMENTATIONS = YES;
				CLANG_WARN_DIRECT_OBJC_ISA_USAGE = YES_ERROR;
				CLANG_WARN_DOCUMENTATION_COMMENTS = YES;
				CLANG_WARN_EMPTY_BODY = YES;
				CLANG_WARN_ENUM_CONVERSION = YES;
				CLANG_WARN_INFINITE_RECURSION = YES;
				CLANG_WARN_INT_CONVERSION = YES;
				CLANG_WARN_NON_LITERAL_NULL_CONVERSION = YES;
				CLANG_WARN_OBJC_IMPLICIT_RETAIN_SELF = YES;
				CLANG_WARN_OBJC_LITERAL_CONVERSION = YES;
				CLANG_WARN_OBJC_ROOT_CLASS = YES_ERROR;
				CLANG_WARN_QUOTED_INCLUDE_IN_FRAMEWORK_HEADER = YES;
				CLANG_WARN_RANGE_LOOP_ANALYSIS = YES;
				CLANG_WARN_STRICT_PROTOTYPES = YES;
				CLANG_WARN_SUSPICIOUS_MOVE = YES;
				CLANG_WARN_UNGUARDED_AVAILABILITY = YES_AGGRESSIVE;
				CLANG_WARN_UNREACHABLE_CODE = YES;
				CLANG_WARN__DUPLICATE_METHOD_MATCH = YES;
				COPY_PHASE_STRIP = NO;
				DEBUG_INFORMATION_FORMAT = "dwarf-with-dsym";
				ENABLE_NS_ASSERTIONS = NO;
				ENABLE_STRICT_OBJC_MSGSEND = YES;
				GCC_C_LANGUAGE_STANDARD = gnu11;
				GCC_NO_COMMON_BLOCKS = YES;
				GCC_WARN_64_TO_32_BIT_CONVERSION = YES;
				GCC_WARN_ABOUT_RETURN_TYPE = YES_ERROR;
				GCC_WARN_UNDECLARED_SELECTOR = YES;
				GCC_WARN_UNINITIALIZED_AUTOS = YES_AGGRESSIVE;
				GCC_WARN_UNUSED_FUNCTION = YES;
				GCC_WARN_UNUSED_VARIABLE = YES;
				IPHONEOS_DEPLOYMENT_TARGET = 15.4;
				MTL_ENABLE_DEBUG_INFO = NO;
				MTL_FAST_MATH = YES;
				SDKROOT = iphoneos;
				SWIFT_COMPILATION_MODE = wholemodule;
				SWIFT_OPTIMIZATION_LEVEL = "-O";
				VALIDATE_PRODUCT = YES;
			};
			name = Release;
		};
		BCC4339128117D1F006447E1 /* Debug */ = {
			isa = XCBuildConfiguration;
			baseConfigurationReference = 08B9FBBF5CE841FB2BA53385 /* Pods-NetworkSQL.debug.xcconfig */;
			buildSettings = {
				ASSETCATALOG_COMPILER_APPICON_NAME = AppIcon;
				ASSETCATALOG_COMPILER_GLOBAL_ACCENT_COLOR_NAME = AccentColor;
				CODE_SIGN_STYLE = Automatic;
				CURRENT_PROJECT_VERSION = 1;
				DEVELOPMENT_TEAM = XU36286T69;
				GENERATE_INFOPLIST_FILE = YES;
				INFOPLIST_FILE = NetworkSQL/Info.plist;
				INFOPLIST_KEY_UIApplicationSupportsIndirectInputEvents = YES;
				INFOPLIST_KEY_UILaunchStoryboardName = LaunchScreen;
				INFOPLIST_KEY_UIMainStoryboardFile = Main;
				INFOPLIST_KEY_UISupportedInterfaceOrientations_iPad = "UIInterfaceOrientationPortrait UIInterfaceOrientationPortraitUpsideDown UIInterfaceOrientationLandscapeLeft UIInterfaceOrientationLandscapeRight";
				INFOPLIST_KEY_UISupportedInterfaceOrientations_iPhone = "UIInterfaceOrientationPortrait UIInterfaceOrientationLandscapeLeft UIInterfaceOrientationLandscapeRight";
				LD_RUNPATH_SEARCH_PATHS = (
					"$(inherited)",
					"@executable_path/Frameworks",
				);
				MARKETING_VERSION = 1.0;
				PRODUCT_BUNDLE_IDENTIFIER = com.abdelrhmanhsh.NetworkSQL;
				PRODUCT_NAME = "$(TARGET_NAME)";
				SWIFT_EMIT_LOC_STRINGS = YES;
				SWIFT_VERSION = 5.0;
				TARGETED_DEVICE_FAMILY = "1,2";
			};
			name = Debug;
		};
		BCC4339228117D1F006447E1 /* Release */ = {
			isa = XCBuildConfiguration;
			baseConfigurationReference = 7C3024DA133D94F8E82D175A /* Pods-NetworkSQL.release.xcconfig */;
			buildSettings = {
				ASSETCATALOG_COMPILER_APPICON_NAME = AppIcon;
				ASSETCATALOG_COMPILER_GLOBAL_ACCENT_COLOR_NAME = AccentColor;
				CODE_SIGN_STYLE = Automatic;
				CURRENT_PROJECT_VERSION = 1;
				DEVELOPMENT_TEAM = XU36286T69;
				GENERATE_INFOPLIST_FILE = YES;
				INFOPLIST_FILE = NetworkSQL/Info.plist;
				INFOPLIST_KEY_UIApplicationSupportsIndirectInputEvents = YES;
				INFOPLIST_KEY_UILaunchStoryboardName = LaunchScreen;
				INFOPLIST_KEY_UIMainStoryboardFile = Main;
				INFOPLIST_KEY_UISupportedInterfaceOrientations_iPad = "UIInterfaceOrientationPortrait UIInterfaceOrientationPortraitUpsideDown UIInterfaceOrientationLandscapeLeft UIInterfaceOrientationLandscapeRight";
				INFOPLIST_KEY_UISupportedInterfaceOrientations_iPhone = "UIInterfaceOrientationPortrait UIInterfaceOrientationLandscapeLeft UIInterfaceOrientationLandscapeRight";
				LD_RUNPATH_SEARCH_PATHS = (
					"$(inherited)",
					"@executable_path/Frameworks",
				);
				MARKETING_VERSION = 1.0;
				PRODUCT_BUNDLE_IDENTIFIER = com.abdelrhmanhsh.NetworkSQL;
				PRODUCT_NAME = "$(TARGET_NAME)";
				SWIFT_EMIT_LOC_STRINGS = YES;
				SWIFT_VERSION = 5.0;
				TARGETED_DEVICE_FAMILY = "1,2";
			};
			name = Release;
		};
		BCC4339428117D1F006447E1 /* Debug */ = {
			isa = XCBuildConfiguration;
			baseConfigurationReference = 022C192129883DE270874B23 /* Pods-NetworkSQLTests.debug.xcconfig */;
			buildSettings = {
				ALWAYS_EMBED_SWIFT_STANDARD_LIBRARIES = YES;
				BUNDLE_LOADER = "$(TEST_HOST)";
				CODE_SIGN_STYLE = Automatic;
				CURRENT_PROJECT_VERSION = 1;
				DEVELOPMENT_TEAM = XU36286T69;
				GENERATE_INFOPLIST_FILE = YES;
				IPHONEOS_DEPLOYMENT_TARGET = 15.4;
				MARKETING_VERSION = 1.0;
				PRODUCT_BUNDLE_IDENTIFIER = com.abdelrhmanhsh.NetworkSQLTests;
				PRODUCT_NAME = "$(TARGET_NAME)";
				SWIFT_EMIT_LOC_STRINGS = NO;
				SWIFT_VERSION = 5.0;
				TARGETED_DEVICE_FAMILY = "1,2";
				TEST_HOST = "$(BUILT_PRODUCTS_DIR)/NetworkSQL.app/NetworkSQL";
			};
			name = Debug;
		};
		BCC4339528117D1F006447E1 /* Release */ = {
			isa = XCBuildConfiguration;
			baseConfigurationReference = 4964032E0FAFDE28399B7512 /* Pods-NetworkSQLTests.release.xcconfig */;
			buildSettings = {
				ALWAYS_EMBED_SWIFT_STANDARD_LIBRARIES = YES;
				BUNDLE_LOADER = "$(TEST_HOST)";
				CODE_SIGN_STYLE = Automatic;
				CURRENT_PROJECT_VERSION = 1;
				DEVELOPMENT_TEAM = XU36286T69;
				GENERATE_INFOPLIST_FILE = YES;
				IPHONEOS_DEPLOYMENT_TARGET = 15.4;
				MARKETING_VERSION = 1.0;
				PRODUCT_BUNDLE_IDENTIFIER = com.abdelrhmanhsh.NetworkSQLTests;
				PRODUCT_NAME = "$(TARGET_NAME)";
				SWIFT_EMIT_LOC_STRINGS = NO;
				SWIFT_VERSION = 5.0;
				TARGETED_DEVICE_FAMILY = "1,2";
				TEST_HOST = "$(BUILT_PRODUCTS_DIR)/NetworkSQL.app/NetworkSQL";
			};
			name = Release;
		};
		BCC4339728117D1F006447E1 /* Debug */ = {
			isa = XCBuildConfiguration;
			baseConfigurationReference = E3CE860F262D11317A96871A /* Pods-NetworkSQL-NetworkSQLUITests.debug.xcconfig */;
			buildSettings = {
				ALWAYS_EMBED_SWIFT_STANDARD_LIBRARIES = YES;
				CODE_SIGN_STYLE = Automatic;
				CURRENT_PROJECT_VERSION = 1;
				DEVELOPMENT_TEAM = XU36286T69;
				GENERATE_INFOPLIST_FILE = YES;
				MARKETING_VERSION = 1.0;
				PRODUCT_BUNDLE_IDENTIFIER = com.abdelrhmanhsh.NetworkSQLUITests;
				PRODUCT_NAME = "$(TARGET_NAME)";
				SWIFT_EMIT_LOC_STRINGS = NO;
				SWIFT_VERSION = 5.0;
				TARGETED_DEVICE_FAMILY = "1,2";
				TEST_TARGET_NAME = NetworkSQL;
			};
			name = Debug;
		};
		BCC4339828117D1F006447E1 /* Release */ = {
			isa = XCBuildConfiguration;
			baseConfigurationReference = FB95563165F3E0CE36C31482 /* Pods-NetworkSQL-NetworkSQLUITests.release.xcconfig */;
			buildSettings = {
				ALWAYS_EMBED_SWIFT_STANDARD_LIBRARIES = YES;
				CODE_SIGN_STYLE = Automatic;
				CURRENT_PROJECT_VERSION = 1;
				DEVELOPMENT_TEAM = XU36286T69;
				GENERATE_INFOPLIST_FILE = YES;
				MARKETING_VERSION = 1.0;
				PRODUCT_BUNDLE_IDENTIFIER = com.abdelrhmanhsh.NetworkSQLUITests;
				PRODUCT_NAME = "$(TARGET_NAME)";
				SWIFT_EMIT_LOC_STRINGS = NO;
				SWIFT_VERSION = 5.0;
				TARGETED_DEVICE_FAMILY = "1,2";
				TEST_TARGET_NAME = NetworkSQL;
			};
			name = Release;
		};
/* End XCBuildConfiguration section */

/* Begin XCConfigurationList section */
		BCC4336128117D1D006447E1 /* Build configuration list for PBXProject "NetworkSQL" */ = {
			isa = XCConfigurationList;
			buildConfigurations = (
				BCC4338E28117D1F006447E1 /* Debug */,
				BCC4338F28117D1F006447E1 /* Release */,
			);
			defaultConfigurationIsVisible = 0;
			defaultConfigurationName = Release;
		};
		BCC4339028117D1F006447E1 /* Build configuration list for PBXNativeTarget "NetworkSQL" */ = {
			isa = XCConfigurationList;
			buildConfigurations = (
				BCC4339128117D1F006447E1 /* Debug */,
				BCC4339228117D1F006447E1 /* Release */,
			);
			defaultConfigurationIsVisible = 0;
			defaultConfigurationName = Release;
		};
		BCC4339328117D1F006447E1 /* Build configuration list for PBXNativeTarget "NetworkSQLTests" */ = {
			isa = XCConfigurationList;
			buildConfigurations = (
				BCC4339428117D1F006447E1 /* Debug */,
				BCC4339528117D1F006447E1 /* Release */,
			);
			defaultConfigurationIsVisible = 0;
			defaultConfigurationName = Release;
		};
		BCC4339628117D1F006447E1 /* Build configuration list for PBXNativeTarget "NetworkSQLUITests" */ = {
			isa = XCConfigurationList;
			buildConfigurations = (
				BCC4339728117D1F006447E1 /* Debug */,
				BCC4339828117D1F006447E1 /* Release */,
			);
			defaultConfigurationIsVisible = 0;
			defaultConfigurationName = Release;
		};
/* End XCConfigurationList section */

/* Begin XCVersionGroup section */
		BCC6CF3B2815E0B2001257E1 /* NetworkSQL.xcdatamodeld */ = {
			isa = XCVersionGroup;
			children = (
				BCC6CF3C2815E0B2001257E1 /* NetworkSQL.xcdatamodel */,
			);
			currentVersion = BCC6CF3C2815E0B2001257E1 /* NetworkSQL.xcdatamodel */;
			path = NetworkSQL.xcdatamodeld;
			sourceTree = "<group>";
			versionGroupType = wrapper.xcdatamodel;
		};
/* End XCVersionGroup section */
	};
	rootObject = BCC4335E28117D1D006447E1 /* Project object */;
}
